// !$*UTF8*$!
{
	archiveVersion = 1;
	classes = {
	};
	objectVersion = 50;
	objects = {

/* Begin PBXBuildFile section */
		16EB2A5A215705F300B22AA7 /* AppDelegate.swift in Sources */ = {isa = PBXBuildFile; fileRef = 16EB2A59215705F300B22AA7 /* AppDelegate.swift */; };
		16EB2A5C215705F300B22AA7 /* ViewController.swift in Sources */ = {isa = PBXBuildFile; fileRef = 16EB2A5B215705F300B22AA7 /* ViewController.swift */; };
		16EB2A5F215705F300B22AA7 /* Main.storyboard in Resources */ = {isa = PBXBuildFile; fileRef = 16EB2A5D215705F300B22AA7 /* Main.storyboard */; };
		16EB2A61215705F400B22AA7 /* Assets.xcassets in Resources */ = {isa = PBXBuildFile; fileRef = 16EB2A60215705F400B22AA7 /* Assets.xcassets */; };
		16EB2A64215705F400B22AA7 /* LaunchScreen.storyboard in Resources */ = {isa = PBXBuildFile; fileRef = 16EB2A62215705F400B22AA7 /* LaunchScreen.storyboard */; };
		16EB2A6F215705F400B22AA7 /* ContactsTests.swift in Sources */ = {isa = PBXBuildFile; fileRef = 16EB2A6E215705F400B22AA7 /* ContactsTests.swift */; };
		16EB2A7A215705F400B22AA7 /* ContactsUITests.swift in Sources */ = {isa = PBXBuildFile; fileRef = 16EB2A79215705F400B22AA7 /* ContactsUITests.swift */; };
/* End PBXBuildFile section */

/* Begin PBXContainerItemProxy section */
		16EB2A6B215705F400B22AA7 /* PBXContainerItemProxy */ = {
			isa = PBXContainerItemProxy;
			containerPortal = 16EB2A4E215705F300B22AA7 /* Project object */;
			proxyType = 1;
			remoteGlobalIDString = 16EB2A55215705F300B22AA7;
			remoteInfo = Contacts;
		};
		16EB2A76215705F400B22AA7 /* PBXContainerItemProxy */ = {
			isa = PBXContainerItemProxy;
			containerPortal = 16EB2A4E215705F300B22AA7 /* Project object */;
			proxyType = 1;
			remoteGlobalIDString = 16EB2A55215705F300B22AA7;
			remoteInfo = Contacts;
		};
/* End PBXContainerItemProxy section */

/* Begin PBXFileReference section */
		16EB2A56215705F300B22AA7 /* Contacts.app */ = {isa = PBXFileReference; explicitFileType = wrapper.application; includeInIndex = 0; path = Contacts.app; sourceTree = BUILT_PRODUCTS_DIR; };
		16EB2A59215705F300B22AA7 /* AppDelegate.swift */ = {isa = PBXFileReference; lastKnownFileType = sourcecode.swift; path = AppDelegate.swift; sourceTree = "<group>"; };
		16EB2A5B215705F300B22AA7 /* ViewController.swift */ = {isa = PBXFileReference; lastKnownFileType = sourcecode.swift; path = ViewController.swift; sourceTree = "<group>"; };
		16EB2A5E215705F300B22AA7 /* Base */ = {isa = PBXFileReference; lastKnownFileType = file.storyboard; name = Base; path = Base.lproj/Main.storyboard; sourceTree = "<group>"; };
		16EB2A60215705F400B22AA7 /* Assets.xcassets */ = {isa = PBXFileReference; lastKnownFileType = folder.assetcatalog; path = Assets.xcassets; sourceTree = "<group>"; };
		16EB2A63215705F400B22AA7 /* Base */ = {isa = PBXFileReference; lastKnownFileType = file.storyboard; name = Base; path = Base.lproj/LaunchScreen.storyboard; sourceTree = "<group>"; };
		16EB2A65215705F400B22AA7 /* Info.plist */ = {isa = PBXFileReference; lastKnownFileType = text.plist.xml; path = Info.plist; sourceTree = "<group>"; };
		16EB2A6A215705F400B22AA7 /* ContactsTests.xctest */ = {isa = PBXFileReference; explicitFileType = wrapper.cfbundle; includeInIndex = 0; path = ContactsTests.xctest; sourceTree = BUILT_PRODUCTS_DIR; };
		16EB2A6E215705F400B22AA7 /* ContactsTests.swift */ = {isa = PBXFileReference; lastKnownFileType = sourcecode.swift; path = ContactsTests.swift; sourceTree = "<group>"; };
		16EB2A70215705F400B22AA7 /* Info.plist */ = {isa = PBXFileReference; lastKnownFileType = text.plist.xml; path = Info.plist; sourceTree = "<group>"; };
		16EB2A75215705F400B22AA7 /* ContactsUITests.xctest */ = {isa = PBXFileReference; explicitFileType = wrapper.cfbundle; includeInIndex = 0; path = ContactsUITests.xctest; sourceTree = BUILT_PRODUCTS_DIR; };
		16EB2A79215705F400B22AA7 /* ContactsUITests.swift */ = {isa = PBXFileReference; lastKnownFileType = sourcecode.swift; path = ContactsUITests.swift; sourceTree = "<group>"; };
		16EB2A7B215705F400B22AA7 /* Info.plist */ = {isa = PBXFileReference; lastKnownFileType = text.plist.xml; path = Info.plist; sourceTree = "<group>"; };
/* End PBXFileReference section */

/* Begin PBXFrameworksBuildPhase section */
		16EB2A53215705F300B22AA7 /* Frameworks */ = {
			isa = PBXFrameworksBuildPhase;
			buildActionMask = 2147483647;
			files = (
			);
			runOnlyForDeploymentPostprocessing = 0;
		};
		16EB2A67215705F400B22AA7 /* Frameworks */ = {
			isa = PBXFrameworksBuildPhase;
			buildActionMask = 2147483647;
			files = (
			);
			runOnlyForDeploymentPostprocessing = 0;
		};
		16EB2A72215705F400B22AA7 /* Frameworks */ = {
			isa = PBXFrameworksBuildPhase;
			buildActionMask = 2147483647;
			files = (
			);
			runOnlyForDeploymentPostprocessing = 0;
		};
/* End PBXFrameworksBuildPhase section */

/* Begin PBXGroup section */
		16EB2A4D215705F300B22AA7 = {
			isa = PBXGroup;
			children = (
				16EB2A58215705F300B22AA7 /* Contacts */,
				16EB2A6D215705F400B22AA7 /* ContactsTests */,
				16EB2A78215705F400B22AA7 /* ContactsUITests */,
				16EB2A57215705F300B22AA7 /* Products */,
			);
			sourceTree = "<group>";
		};
		16EB2A57215705F300B22AA7 /* Products */ = {
			isa = PBXGroup;
			children = (
				16EB2A56215705F300B22AA7 /* Contacts.app */,
				16EB2A6A215705F400B22AA7 /* ContactsTests.xctest */,
				16EB2A75215705F400B22AA7 /* ContactsUITests.xctest */,
			);
			name = Products;
			sourceTree = "<group>";
		};
		16EB2A58215705F300B22AA7 /* Contacts */ = {
			isa = PBXGroup;
			children = (
				16EB2A59215705F300B22AA7 /* AppDelegate.swift */,
				16EB2A5B215705F300B22AA7 /* ViewController.swift */,
				16EB2A5D215705F300B22AA7 /* Main.storyboard */,
				16EB2A60215705F400B22AA7 /* Assets.xcassets */,
				16EB2A62215705F400B22AA7 /* LaunchScreen.storyboard */,
				16EB2A65215705F400B22AA7 /* Info.plist */,
			);
			path = Contacts;
			sourceTree = "<group>";
		};
		16EB2A6D215705F400B22AA7 /* ContactsTests */ = {
			isa = PBXGroup;
			children = (
				16EB2A6E215705F400B22AA7 /* ContactsTests.swift */,
				16EB2A70215705F400B22AA7 /* Info.plist */,
			);
			path = ContactsTests;
			sourceTree = "<group>";
		};
		16EB2A78215705F400B22AA7 /* ContactsUITests */ = {
			isa = PBXGroup;
			children = (
				16EB2A79215705F400B22AA7 /* ContactsUITests.swift */,
				16EB2A7B215705F400B22AA7 /* Info.plist */,
			);
			path = ContactsUITests;
			sourceTree = "<group>";
		};
/* End PBXGroup section */

/* Begin PBXNativeTarget section */
		16EB2A55215705F300B22AA7 /* Contacts */ = {
			isa = PBXNativeTarget;
			buildConfigurationList = 16EB2A7E215705F400B22AA7 /* Build configuration list for PBXNativeTarget "Contacts" */;
			buildPhases = (
				16EB2A52215705F300B22AA7 /* Sources */,
				16EB2A53215705F300B22AA7 /* Frameworks */,
				16EB2A54215705F300B22AA7 /* Resources */,
			);
			buildRules = (
			);
			dependencies = (
			);
			name = Contacts;
			productName = Contacts;
			productReference = 16EB2A56215705F300B22AA7 /* Contacts.app */;
			productType = "com.apple.product-type.application";
		};
		16EB2A69215705F400B22AA7 /* ContactsTests */ = {
			isa = PBXNativeTarget;
			buildConfigurationList = 16EB2A81215705F400B22AA7 /* Build configuration list for PBXNativeTarget "ContactsTests" */;
			buildPhases = (
				16EB2A66215705F400B22AA7 /* Sources */,
				16EB2A67215705F400B22AA7 /* Frameworks */,
				16EB2A68215705F400B22AA7 /* Resources */,
			);
			buildRules = (
			);
			dependencies = (
				16EB2A6C215705F400B22AA7 /* PBXTargetDependency */,
			);
			name = ContactsTests;
			productName = ContactsTests;
			productReference = 16EB2A6A215705F400B22AA7 /* ContactsTests.xctest */;
			productType = "com.apple.product-type.bundle.unit-test";
		};
		16EB2A74215705F400B22AA7 /* ContactsUITests */ = {
			isa = PBXNativeTarget;
			buildConfigurationList = 16EB2A84215705F400B22AA7 /* Build configuration list for PBXNativeTarget "ContactsUITests" */;
			buildPhases = (
				16EB2A71215705F400B22AA7 /* Sources */,
				16EB2A72215705F400B22AA7 /* Frameworks */,
				16EB2A73215705F400B22AA7 /* Resources */,
			);
			buildRules = (
			);
			dependencies = (
				16EB2A77215705F400B22AA7 /* PBXTargetDependency */,
			);
			name = ContactsUITests;
			productName = ContactsUITests;
			productReference = 16EB2A75215705F400B22AA7 /* ContactsUITests.xctest */;
			productType = "com.apple.product-type.bundle.ui-testing";
		};
/* End PBXNativeTarget section */

/* Begin PBXProject section */
		16EB2A4E215705F300B22AA7 /* Project object */ = {
			isa = PBXProject;
			attributes = {
				LastSwiftUpdateCheck = 1010;
				LastUpgradeCheck = 1010;
				ORGANIZATIONNAME = "James Moore";
				TargetAttributes = {
					16EB2A55215705F300B22AA7 = {
						CreatedOnToolsVersion = 10.1;
					};
					16EB2A69215705F400B22AA7 = {
						CreatedOnToolsVersion = 10.1;
						TestTargetID = 16EB2A55215705F300B22AA7;
					};
					16EB2A74215705F400B22AA7 = {
						CreatedOnToolsVersion = 10.1;
						TestTargetID = 16EB2A55215705F300B22AA7;
					};
				};
			};
			buildConfigurationList = 16EB2A51215705F300B22AA7 /* Build configuration list for PBXProject "Contacts" */;
			compatibilityVersion = "Xcode 9.3";
			developmentRegion = en;
			hasScannedForEncodings = 0;
			knownRegions = (
				en,
				Base,
			);
			mainGroup = 16EB2A4D215705F300B22AA7;
			productRefGroup = 16EB2A57215705F300B22AA7 /* Products */;
			projectDirPath = "";
			projectRoot = "";
			targets = (
				16EB2A55215705F300B22AA7 /* Contacts */,
				16EB2A69215705F400B22AA7 /* ContactsTests */,
				16EB2A74215705F400B22AA7 /* ContactsUITests */,
			);
		};
/* End PBXProject section */

/* Begin PBXResourcesBuildPhase section */
		16EB2A54215705F300B22AA7 /* Resources */ = {
			isa = PBXResourcesBuildPhase;
			buildActionMask = 2147483647;
			files = (
				16EB2A64215705F400B22AA7 /* LaunchScreen.storyboard in Resources */,
				16EB2A61215705F400B22AA7 /* Assets.xcassets in Resources */,
				16EB2A5F215705F300B22AA7 /* Main.storyboard in Resources */,
			);
			runOnlyForDeploymentPostprocessing = 0;
		};
		16EB2A68215705F400B22AA7 /* Resources */ = {
			isa = PBXResourcesBuildPhase;
			buildActionMask = 2147483647;
			files = (
			);
			runOnlyForDeploymentPostprocessing = 0;
		};
		16EB2A73215705F400B22AA7 /* Resources */ = {
			isa = PBXResourcesBuildPhase;
			buildActionMask = 2147483647;
			files = (
			);
			runOnlyForDeploymentPostprocessing = 0;
		};
/* End PBXResourcesBuildPhase section */

/* Begin PBXSourcesBuildPhase section */
		16EB2A52215705F300B22AA7 /* Sources */ = {
			isa = PBXSourcesBuildPhase;
			buildActionMask = 2147483647;
			files = (
				16EB2A5C215705F300B22AA7 /* ViewController.swift in Sources */,
				16EB2A5A215705F300B22AA7 /* AppDelegate.swift in Sources */,
			);
			runOnlyForDeploymentPostprocessing = 0;
		};
		16EB2A66215705F400B22AA7 /* Sources */ = {
			isa = PBXSourcesBuildPhase;
			buildActionMask = 2147483647;
			files = (
				16EB2A6F215705F400B22AA7 /* ContactsTests.swift in Sources */,
			);
			runOnlyForDeploymentPostprocessing = 0;
		};
		16EB2A71215705F400B22AA7 /* Sources */ = {
			isa = PBXSourcesBuildPhase;
			buildActionMask = 2147483647;
			files = (
				16EB2A7A215705F400B22AA7 /* ContactsUITests.swift in Sources */,
			);
			runOnlyForDeploymentPostprocessing = 0;
		};
/* End PBXSourcesBuildPhase section */

/* Begin PBXTargetDependency section */
		16EB2A6C215705F400B22AA7 /* PBXTargetDependency */ = {
			isa = PBXTargetDependency;
			target = 16EB2A55215705F300B22AA7 /* Contacts */;
			targetProxy = 16EB2A6B215705F400B22AA7 /* PBXContainerItemProxy */;
		};
		16EB2A77215705F400B22AA7 /* PBXTargetDependency */ = {
			isa = PBXTargetDependency;
			target = 16EB2A55215705F300B22AA7 /* Contacts */;
			targetProxy = 16EB2A76215705F400B22AA7 /* PBXContainerItemProxy */;
		};
/* End PBXTargetDependency section */

/* Begin PBXVariantGroup section */
		16EB2A5D215705F300B22AA7 /* Main.storyboard */ = {
			isa = PBXVariantGroup;
			children = (
				16EB2A5E215705F300B22AA7 /* Base */,
			);
			name = Main.storyboard;
			sourceTree = "<group>";
		};
		16EB2A62215705F400B22AA7 /* LaunchScreen.storyboard */ = {
			isa = PBXVariantGroup;
			children = (
				16EB2A63215705F400B22AA7 /* Base */,
			);
			name = LaunchScreen.storyboard;
			sourceTree = "<group>";
		};
/* End PBXVariantGroup section */

/* Begin XCBuildConfiguration section */
		16EB2A7C215705F400B22AA7 /* Debug */ = {
			isa = XCBuildConfiguration;
			buildSettings = {
				ALWAYS_SEARCH_USER_PATHS = NO;
				CLANG_ANALYZER_NONNULL = YES;
				CLANG_ANALYZER_NUMBER_OBJECT_CONVERSION = YES_AGGRESSIVE;
				CLANG_CXX_LANGUAGE_STANDARD = "gnu++14";
				CLANG_CXX_LIBRARY = "libc++";
				CLANG_ENABLE_MODULES = YES;
				CLANG_ENABLE_OBJC_ARC = YES;
				CLANG_ENABLE_OBJC_WEAK = YES;
				CLANG_WARN_BLOCK_CAPTURE_AUTORELEASING = YES;
				CLANG_WARN_BOOL_CONVERSION = YES;
				CLANG_WARN_COMMA = YES;
				CLANG_WARN_CONSTANT_CONVERSION = YES;
				CLANG_WARN_DEPRECATED_OBJC_IMPLEMENTATIONS = YES;
				CLANG_WARN_DIRECT_OBJC_ISA_USAGE = YES_ERROR;
				CLANG_WARN_DOCUMENTATION_COMMENTS = YES;
				CLANG_WARN_EMPTY_BODY = YES;
				CLANG_WARN_ENUM_CONVERSION = YES;
				CLANG_WARN_INFINITE_RECURSION = YES;
				CLANG_WARN_INT_CONVERSION = YES;
				CLANG_WARN_NON_LITERAL_NULL_CONVERSION = YES;
				CLANG_WARN_OBJC_IMPLICIT_RETAIN_SELF = YES;
				CLANG_WARN_OBJC_LITERAL_CONVERSION = YES;
				CLANG_WARN_OBJC_ROOT_CLASS = YES_ERROR;
				CLANG_WARN_RANGE_LOOP_ANALYSIS = YES;
				CLANG_WARN_STRICT_PROTOTYPES = YES;
				CLANG_WARN_SUSPICIOUS_MOVE = YES;
				CLANG_WARN_UNGUARDED_AVAILABILITY = YES_AGGRESSIVE;
				CLANG_WARN_UNREACHABLE_CODE = YES;
				CLANG_WARN__DUPLICATE_METHOD_MATCH = YES;
				CODE_SIGN_IDENTITY = "iPhone Developer";
				COPY_PHASE_STRIP = NO;
				DEBUG_INFORMATION_FORMAT = dwarf;
				ENABLE_STRICT_OBJC_MSGSEND = YES;
				ENABLE_TESTABILITY = YES;
				GCC_C_LANGUAGE_STANDARD = gnu11;
				GCC_DYNAMIC_NO_PIC = NO;
				GCC_NO_COMMON_BLOCKS = YES;
				GCC_OPTIMIZATION_LEVEL = 0;
				GCC_PREPROCESSOR_DEFINITIONS = (
					"DEBUG=1",
					"$(inherited)",
				);
				GCC_WARN_64_TO_32_BIT_CONVERSION = YES;
				GCC_WARN_ABOUT_RETURN_TYPE = YES_ERROR;
				GCC_WARN_UNDECLARED_SELECTOR = YES;
				GCC_WARN_UNINITIALIZED_AUTOS = YES_AGGRESSIVE;
				GCC_WARN_UNUSED_FUNCTION = YES;
				GCC_WARN_UNUSED_VARIABLE = YES;
				IPHONEOS_DEPLOYMENT_TARGET = 12.1;
				MTL_ENABLE_DEBUG_INFO = INCLUDE_SOURCE;
				MTL_FAST_MATH = YES;
				ONLY_ACTIVE_ARCH = YES;
				SDKROOT = iphoneos;
				SWIFT_ACTIVE_COMPILATION_CONDITIONS = DEBUG;
				SWIFT_OPTIMIZATION_LEVEL = "-Onone";
			};
			name = Debug;
		};
		16EB2A7D215705F400B22AA7 /* Release */ = {
			isa = XCBuildConfiguration;
			buildSettings = {
				ALWAYS_SEARCH_USER_PATHS = NO;
				CLANG_ANALYZER_NONNULL = YES;
				CLANG_ANALYZER_NUMBER_OBJECT_CONVERSION = YES_AGGRESSIVE;
				CLANG_CXX_LANGUAGE_STANDARD = "gnu++14";
				CLANG_CXX_LIBRARY = "libc++";
				CLANG_ENABLE_MODULES = YES;
				CLANG_ENABLE_OBJC_ARC = YES;
				CLANG_ENABLE_OBJC_WEAK = YES;
				CLANG_WARN_BLOCK_CAPTURE_AUTORELEASING = YES;
				CLANG_WARN_BOOL_CONVERSION = YES;
				CLANG_WARN_COMMA = YES;
				CLANG_WARN_CONSTANT_CONVERSION = YES;
				CLANG_WARN_DEPRECATED_OBJC_IMPLEMENTATIONS = YES;
				CLANG_WARN_DIRECT_OBJC_ISA_USAGE = YES_ERROR;
				CLANG_WARN_DOCUMENTATION_COMMENTS = YES;
				CLANG_WARN_EMPTY_BODY = YES;
				CLANG_WARN_ENUM_CONVERSION = YES;
				CLANG_WARN_INFINITE_RECURSION = YES;
				CLANG_WARN_INT_CONVERSION = YES;
				CLANG_WARN_NON_LITERAL_NULL_CONVERSION = YES;
				CLANG_WARN_OBJC_IMPLICIT_RETAIN_SELF = YES;
				CLANG_WARN_OBJC_LITERAL_CONVERSION = YES;
				CLANG_WARN_OBJC_ROOT_CLASS = YES_ERROR;
				CLANG_WARN_RANGE_LOOP_ANALYSIS = YES;
				CLANG_WARN_STRICT_PROTOTYPES = YES;
				CLANG_WARN_SUSPICIOUS_MOVE = YES;
				CLANG_WARN_UNGUARDED_AVAILABILITY = YES_AGGRESSIVE;
				CLANG_WARN_UNREACHABLE_CODE = YES;
				CLANG_WARN__DUPLICATE_METHOD_MATCH = YES;
				CODE_SIGN_IDENTITY = "iPhone Developer";
				COPY_PHASE_STRIP = NO;
				DEBUG_INFORMATION_FORMAT = "dwarf-with-dsym";
				ENABLE_NS_ASSERTIONS = NO;
				ENABLE_STRICT_OBJC_MSGSEND = YES;
				GCC_C_LANGUAGE_STANDARD = gnu11;
				GCC_NO_COMMON_BLOCKS = YES;
				GCC_WARN_64_TO_32_BIT_CONVERSION = YES;
				GCC_WARN_ABOUT_RETURN_TYPE = YES_ERROR;
				GCC_WARN_UNDECLARED_SELECTOR = YES;
				GCC_WARN_UNINITIALIZED_AUTOS = YES_AGGRESSIVE;
				GCC_WARN_UNUSED_FUNCTION = YES;
				GCC_WARN_UNUSED_VARIABLE = YES;
				IPHONEOS_DEPLOYMENT_TARGET = 12.1;
				MTL_ENABLE_DEBUG_INFO = NO;
				MTL_FAST_MATH = YES;
				SDKROOT = iphoneos;
				SWIFT_COMPILATION_MODE = wholemodule;
				SWIFT_OPTIMIZATION_LEVEL = "-O";
				VALIDATE_PRODUCT = YES;
			};
			name = Release;
		};
		16EB2A7F215705F400B22AA7 /* Debug */ = {
			isa = XCBuildConfiguration;
			buildSettings = {
				ASSETCATALOG_COMPILER_APPICON_NAME = AppIcon;
				CODE_SIGN_STYLE = Automatic;
				INFOPLIST_FILE = Contacts/Info.plist;
				LD_RUNPATH_SEARCH_PATHS = (
					"$(inherited)",
					"@executable_path/Frameworks",
				);
				PRODUCT_BUNDLE_IDENTIFIER = PBnJames.Contacts;
				PRODUCT_NAME = "$(TARGET_NAME)";
				SWIFT_VERSION = 4.2;
				TARGETED_DEVICE_FAMILY = "1,2";
			};
			name = Debug;
		};
		16EB2A80215705F400B22AA7 /* Release */ = {
			isa = XCBuildConfiguration;
			buildSettings = {
				ASSETCATALOG_COMPILER_APPICON_NAME = AppIcon;
				CODE_SIGN_STYLE = Automatic;
				INFOPLIST_FILE = Contacts/Info.plist;
				LD_RUNPATH_SEARCH_PATHS = (
					"$(inherited)",
					"@executable_path/Frameworks",
				);
				PRODUCT_BUNDLE_IDENTIFIER = PBnJames.Contacts;
				PRODUCT_NAME = "$(TARGET_NAME)";
				SWIFT_VERSION = 4.2;
				TARGETED_DEVICE_FAMILY = "1,2";
			};
			name = Release;
		};
		16EB2A82215705F400B22AA7 /* Debug */ = {
			isa = XCBuildConfiguration;
			buildSettings = {
				ALWAYS_EMBED_SWIFT_STANDARD_LIBRARIES = YES;
				BUNDLE_LOADER = "$(TEST_HOST)";
				CODE_SIGN_STYLE = Automatic;
				INFOPLIST_FILE = ContactsTests/Info.plist;
				LD_RUNPATH_SEARCH_PATHS = (
					"$(inherited)",
					"@executable_path/Frameworks",
					"@loader_path/Frameworks",
				);
				PRODUCT_BUNDLE_IDENTIFIER = PBnJames.ContactsTests;
				PRODUCT_NAME = "$(TARGET_NAME)";
				SWIFT_VERSION = 4.2;
				TARGETED_DEVICE_FAMILY = "1,2";
				TEST_HOST = "$(BUILT_PRODUCTS_DIR)/Contacts.app/Contacts";
			};
			name = Debug;
		};
		16EB2A83215705F400B22AA7 /* Release */ = {
			isa = XCBuildConfiguration;
			buildSettings = {
				ALWAYS_EMBED_SWIFT_STANDARD_LIBRARIES = YES;
				BUNDLE_LOADER = "$(TEST_HOST)";
				CODE_SIGN_STYLE = Automatic;
				INFOPLIST_FILE = ContactsTests/Info.plist;
				LD_RUNPATH_SEARCH_PATHS = (
					"$(inherited)",
					"@executable_path/Frameworks",
					"@loader_path/Frameworks",
				);
				PRODUCT_BUNDLE_IDENTIFIER = PBnJames.ContactsTests;
				PRODUCT_NAME = "$(TARGET_NAME)";
				SWIFT_VERSION = 4.2;
				TARGETED_DEVICE_FAMILY = "1,2";
				TEST_HOST = "$(BUILT_PRODUCTS_DIR)/Contacts.app/Contacts";
			};
			name = Release;
		};
		16EB2A85215705F400B22AA7 /* Debug */ = {
			isa = XCBuildConfiguration;
			buildSettings = {
				ALWAYS_EMBED_SWIFT_STANDARD_LIBRARIES = YES;
				CODE_SIGN_STYLE = Automatic;
				INFOPLIST_FILE = ContactsUITests/Info.plist;
				LD_RUNPATH_SEARCH_PATHS = (
					"$(inherited)",
					"@executable_path/Frameworks",
					"@loader_path/Frameworks",
				);
				PRODUCT_BUNDLE_IDENTIFIER = PBnJames.ContactsUITests;
				PRODUCT_NAME = "$(TARGET_NAME)";
				SWIFT_VERSION = 4.2;
				TARGETED_DEVICE_FAMILY = "1,2";
				TEST_TARGET_NAME = Contacts;
			};
			name = Debug;
		};
		16EB2A86215705F400B22AA7 /* Release */ = {
			isa = XCBuildConfiguration;
			buildSettings = {
				ALWAYS_EMBED_SWIFT_STANDARD_LIBRARIES = YES;
				CODE_SIGN_STYLE = Automatic;
				INFOPLIST_FILE = ContactsUITests/Info.plist;
				LD_RUNPATH_SEARCH_PATHS = (
					"$(inherited)",
					"@executable_path/Frameworks",
					"@loader_path/Frameworks",
				);
				PRODUCT_BUNDLE_IDENTIFIER = PBnJames.ContactsUITests;
				PRODUCT_NAME = "$(TARGET_NAME)";
				SWIFT_VERSION = 4.2;
				TARGETED_DEVICE_FAMILY = "1,2";
				TEST_TARGET_NAME = Contacts;
			};
			name = Release;
		};
/* End XCBuildConfiguration section */

/* Begin XCConfigurationList section */
		16EB2A51215705F300B22AA7 /* Build configuration list for PBXProject "Contacts" */ = {
			isa = XCConfigurationList;
			buildConfigurations = (
				16EB2A7C215705F400B22AA7 /* Debug */,
				16EB2A7D215705F400B22AA7 /* Release */,
			);
			defaultConfigurationIsVisible = 0;
			defaultConfigurationName = Release;
		};
		16EB2A7E215705F400B22AA7 /* Build configuration list for PBXNativeTarget "Contacts" */ = {
			isa = XCConfigurationList;
			buildConfigurations = (
				16EB2A7F215705F400B22AA7 /* Debug */,
				16EB2A80215705F400B22AA7 /* Release */,
			);
			defaultConfigurationIsVisible = 0;
			defaultConfigurationName = Release;
		};
		16EB2A81215705F400B22AA7 /* Build configuration list for PBXNativeTarget "ContactsTests" */ = {
			isa = XCConfigurationList;
			buildConfigurations = (
				16EB2A82215705F400B22AA7 /* Debug */,
				16EB2A83215705F400B22AA7 /* Release */,
			);
			defaultConfigurationIsVisible = 0;
			defaultConfigurationName = Release;
		};
		16EB2A84215705F400B22AA7 /* Build configuration list for PBXNativeTarget "ContactsUITests" */ = {
			isa = XCConfigurationList;
			buildConfigurations = (
				16EB2A85215705F400B22AA7 /* Debug */,
				16EB2A86215705F400B22AA7 /* Release */,
			);
			defaultConfigurationIsVisible = 0;
			defaultConfigurationName = Release;
		};
/* End XCConfigurationList section */
	};
	rootObject = 16EB2A4E215705F300B22AA7 /* Project object */;
}
